
Microsoft Visual Studio Solution File, Format Version 12.00
# Visual Studio Version 17
VisualStudioVersion = 17.6.33815.320
MinimumVisualStudioVersion = 10.0.40219.1
Project("{FAE04EC0-301F-11D3-BF4B-00C04F79EFBC}") = "Assignment_17", "Assignment_17\Assignment_17.csproj", "{F22F58DC-8205-4D6F-A522-F2D06B9F2D02}"
EndProject
Global
	GlobalSection(SolutionConfigurationPlatforms) = preSolution
		Debug|Any CPU = Debug|Any CPU
		Release|Any CPU = Release|Any CPU
	EndGlobalSection
	GlobalSection(ProjectConfigurationPlatforms) = postSolution
		{F22F58DC-8205-4D6F-A522-F2D06B9F2D02}.Debug|Any CPU.ActiveCfg = Debug|Any CPU
		{F22F58DC-8205-4D6F-A522-F2D06B9F2D02}.Debug|Any CPU.Build.0 = Debug|Any CPU
		{F22F58DC-8205-4D6F-A522-F2D06B9F2D02}.Release|Any CPU.ActiveCfg = Release|Any CPU
		{F22F58DC-8205-4D6F-A522-F2D06B9F2D02}.Release|Any CPU.Build.0 = Release|Any CPU
	EndGlobalSection
	GlobalSection(SolutionProperties) = preSolution
		HideSolutionNode = FALSE
	EndGlobalSection
	GlobalSection(ExtensibilityGlobals) = postSolution
		SolutionGuid = {A08DCC6F-A127-462E-8EDF-D537F242F87D}
	EndGlobalSection
EndGlobal
